lockfileVersion: 5.4

specifiers:
  '@types/node': ^18.11.17
  axios: ^1.2.2
  husky: ^8.0.3
  ol: ^7.2.2
  ts-node: ^10.9.1
  typescript: ^4.9.4
  vue: ^3.2.45

dependencies:
  axios: registry.npmmirror.com/axios/1.2.2
  ol: registry.npmmirror.com/ol/7.2.2

devDependencies:
  '@types/node': registry.npmmirror.com/@types/node/18.11.17
  husky: registry.npmmirror.com/husky/8.0.3
  ts-node: registry.npmmirror.com/ts-node/10.9.1_moeqx3xmzxqxagf2sz6mqkbb7m
  typescript: registry.npmmirror.com/typescript/4.9.4
  vue: registry.npmmirror.com/vue/3.2.45

packages:

  registry.npmmirror.com/@babel/helper-string-parser/7.19.4:
    resolution: {integrity: sha512-nHtDoQcuqFmwYNYPz3Rah5ph2p8PFeFCsZk9A/48dPc/rGocJ5J3hAAZ7pb76VWX3fZKu+uEr/FhH5jLx7umrw==, registry: https://registry.npm.taobao.org/, tarball: https://registry.npmmirror.com/@babel/helper-string-parser/-/helper-string-parser-7.19.4.tgz}
    name: '@babel/helper-string-parser'
    version: 7.19.4
    engines: {node: '>=6.9.0'}
    dev: true

  registry.npmmirror.com/@babel/helper-validator-identifier/7.19.1:
    resolution: {integrity: sha512-awrNfaMtnHUr653GgGEs++LlAvW6w+DcPrOliSMXWCKo597CwL5Acf/wWdNkf/tfEQE3mjkeD1YOVZOUV/od1w==, registry: https://registry.npm.taobao.org/, tarball: https://registry.npmmirror.com/@babel/helper-validator-identifier/-/helper-validator-identifier-7.19.1.tgz}
    name: '@babel/helper-validator-identifier'
    version: 7.19.1
    engines: {node: '>=6.9.0'}
    dev: true

  registry.npmmirror.com/@babel/parser/7.20.7:
    resolution: {integrity: sha512-T3Z9oHybU+0vZlY9CiDSJQTD5ZapcW18ZctFMi0MOAl/4BjFF4ul7NVSARLdbGO5vDqy9eQiGTV0LtKfvCYvcg==, registry: https://registry.npm.taobao.org/, tarball: https://registry.npmmirror.com/@babel/parser/-/parser-7.20.7.tgz}
    name: '@babel/parser'
    version: 7.20.7
    engines: {node: '>=6.0.0'}
    hasBin: true
    dependencies:
      '@babel/types': registry.npmmirror.com/@babel/types/7.20.7
    dev: true

  registry.npmmirror.com/@babel/types/7.20.7:
    resolution: {integrity: sha512-69OnhBxSSgK0OzTJai4kyPDiKTIe3j+ctaHdIGVbRahTLAT7L3R9oeXHC2aVSuGYt3cVnoAMDmOCgJ2yaiLMvg==, registry: https://registry.npm.taobao.org/, tarball: https://registry.npmmirror.com/@babel/types/-/types-7.20.7.tgz}
    name: '@babel/types'
    version: 7.20.7
    engines: {node: '>=6.9.0'}
    dependencies:
      '@babel/helper-string-parser': registry.npmmirror.com/@babel/helper-string-parser/7.19.4
      '@babel/helper-validator-identifier': registry.npmmirror.com/@babel/helper-validator-identifier/7.19.1
      to-fast-properties: registry.npmmirror.com/to-fast-properties/2.0.0
    dev: true

  registry.npmmirror.com/@cspotcode/source-map-support/0.8.1:
    resolution: {integrity: sha512-IchNf6dN4tHoMFIn/7OE8LWZ19Y6q/67Bmf6vnGREv8RSbBVb9LPJxEcnwrcwX6ixSvaiGoomAUvu4YSxXrVgw==, registry: https://registry.npm.taobao.org/, tarball: https://registry.npmmirror.com/@cspotcode/source-map-support/-/source-map-support-0.8.1.tgz}
    name: '@cspotcode/source-map-support'
    version: 0.8.1
    engines: {node: '>=12'}
    dependencies:
      '@jridgewell/trace-mapping': registry.npmmirror.com/@jridgewell/trace-mapping/0.3.9
    dev: true

  registry.npmmirror.com/@jridgewell/resolve-uri/3.1.0:
    resolution: {integrity: sha512-F2msla3tad+Mfht5cJq7LSXcdudKTWCVYUgw6pLFOOHSTtZlj6SWNYAp+AhuqLmWdBO2X5hPrLcu8cVP8fy28w==, registry: https://registry.npm.taobao.org/, tarball: https://registry.npmmirror.com/@jridgewell/resolve-uri/-/resolve-uri-3.1.0.tgz}
    name: '@jridgewell/resolve-uri'
    version: 3.1.0
    engines: {node: '>=6.0.0'}
    dev: true

  registry.npmmirror.com/@jridgewell/sourcemap-codec/1.4.14:
    resolution: {integrity: sha512-XPSJHWmi394fuUuzDnGz1wiKqWfo1yXecHQMRf2l6hztTO+nPru658AyDngaBe7isIxEkRsPR3FZh+s7iVa4Uw==, registry: https://registry.npm.taobao.org/, tarball: https://registry.npmmirror.com/@jridgewell/sourcemap-codec/-/sourcemap-codec-1.4.14.tgz}
    name: '@jridgewell/sourcemap-codec'
    version: 1.4.14
    dev: true

  registry.npmmirror.com/@jridgewell/trace-mapping/0.3.9:
    resolution: {integrity: sha512-3Belt6tdc8bPgAtbcmdtNJlirVoTmEb5e2gC94PnkwEW9jI6CAHUeoG85tjWP5WquqfavoMtMwiG4P926ZKKuQ==, registry: https://registry.npm.taobao.org/, tarball: https://registry.npmmirror.com/@jridgewell/trace-mapping/-/trace-mapping-0.3.9.tgz}
    name: '@jridgewell/trace-mapping'
    version: 0.3.9
    dependencies:
      '@jridgewell/resolve-uri': registry.npmmirror.com/@jridgewell/resolve-uri/3.1.0
      '@jridgewell/sourcemap-codec': registry.npmmirror.com/@jridgewell/sourcemap-codec/1.4.14
    dev: true

  registry.npmmirror.com/@mapbox/jsonlint-lines-primitives/2.0.2:
    resolution: {integrity: sha512-rY0o9A5ECsTQRVhv7tL/OyDpGAoUB4tTvLiW1DSzQGq4bvTPhNw1VpSNjDJc5GFZ2XuyOtSWSVN05qOtcD71qQ==, registry: https://registry.npm.taobao.org/, tarball: https://registry.npmmirror.com/@mapbox/jsonlint-lines-primitives/-/jsonlint-lines-primitives-2.0.2.tgz}
    name: '@mapbox/jsonlint-lines-primitives'
    version: 2.0.2
    engines: {node: '>= 0.6'}
    dev: false

  registry.npmmirror.com/@mapbox/mapbox-gl-style-spec/13.28.0:
    resolution: {integrity: sha512-B8xM7Fp1nh5kejfIl4SWeY0gtIeewbuRencqO3cJDrCHZpaPg7uY+V8abuR+esMeuOjRl5cLhVTP40v+1ywxbg==, registry: https://registry.npm.taobao.org/, tarball: https://registry.npmmirror.com/@mapbox/mapbox-gl-style-spec/-/mapbox-gl-style-spec-13.28.0.tgz}
    name: '@mapbox/mapbox-gl-style-spec'
    version: 13.28.0
    hasBin: true
    dependencies:
      '@mapbox/jsonlint-lines-primitives': registry.npmmirror.com/@mapbox/jsonlint-lines-primitives/2.0.2
      '@mapbox/point-geometry': registry.npmmirror.com/@mapbox/point-geometry/0.1.0
      '@mapbox/unitbezier': registry.npmmirror.com/@mapbox/unitbezier/0.0.0
      csscolorparser: registry.npmmirror.com/csscolorparser/1.0.3
      json-stringify-pretty-compact: registry.npmmirror.com/json-stringify-pretty-compact/2.0.0
      minimist: registry.npmmirror.com/minimist/1.2.7
      rw: registry.npmmirror.com/rw/1.3.3
      sort-object: registry.npmmirror.com/sort-object/0.3.2
    dev: false

  registry.npmmirror.com/@mapbox/point-geometry/0.1.0:
    resolution: {integrity: sha512-6j56HdLTwWGO0fJPlrZtdU/B13q8Uwmo18Ck2GnGgN9PCFyKTZ3UbXeEdRFh18i9XQ92eH2VdtpJHpBD3aripQ==, registry: https://registry.npm.taobao.org/, tarball: https://registry.npmmirror.com/@mapbox/point-geometry/-/point-geometry-0.1.0.tgz}
    name: '@mapbox/point-geometry'
    version: 0.1.0
    dev: false

  registry.npmmirror.com/@mapbox/unitbezier/0.0.0:
    resolution: {integrity: sha512-HPnRdYO0WjFjRTSwO3frz1wKaU649OBFPX3Zo/2WZvuRi6zMiRGui8SnPQiQABgqCf8YikDe5t3HViTVw1WUzA==, registry: https://registry.npm.taobao.org/, tarball: https://registry.npmmirror.com/@mapbox/unitbezier/-/unitbezier-0.0.0.tgz}
    name: '@mapbox/unitbezier'
    version: 0.0.0
    dev: false

  registry.npmmirror.com/@petamoriken/float16/3.7.1:
    resolution: {integrity: sha512-oXZOc+aePd0FnhTWk15pyqK+Do87n0TyLV1nxdEougE95X/WXWDqmQobfhgnSY7QsWn5euZUWuDVeTQvoQ5VNw==, registry: https://registry.npm.taobao.org/, tarball: https://registry.npmmirror.com/@petamoriken/float16/-/float16-3.7.1.tgz}
    name: '@petamoriken/float16'
    version: 3.7.1
    dev: false

  registry.npmmirror.com/@tsconfig/node10/1.0.9:
    resolution: {integrity: sha512-jNsYVVxU8v5g43Erja32laIDHXeoNvFEpX33OK4d6hljo3jDhCBDhx5dhCCTMWUojscpAagGiRkBKxpdl9fxqA==, registry: https://registry.npm.taobao.org/, tarball: https://registry.npmmirror.com/@tsconfig/node10/-/node10-1.0.9.tgz}
    name: '@tsconfig/node10'
    version: 1.0.9
    dev: true

  registry.npmmirror.com/@tsconfig/node12/1.0.11:
    resolution: {integrity: sha512-cqefuRsh12pWyGsIoBKJA9luFu3mRxCA+ORZvA4ktLSzIuCUtWVxGIuXigEwO5/ywWFMZ2QEGKWvkZG1zDMTag==, registry: https://registry.npm.taobao.org/, tarball: https://registry.npmmirror.com/@tsconfig/node12/-/node12-1.0.11.tgz}
    name: '@tsconfig/node12'
    version: 1.0.11
    dev: true

  registry.npmmirror.com/@tsconfig/node14/1.0.3:
    resolution: {integrity: sha512-ysT8mhdixWK6Hw3i1V2AeRqZ5WfXg1G43mqoYlM2nc6388Fq5jcXyr5mRsqViLx/GJYdoL0bfXD8nmF+Zn/Iow==, registry: https://registry.npm.taobao.org/, tarball: https://registry.npmmirror.com/@tsconfig/node14/-/node14-1.0.3.tgz}
    name: '@tsconfig/node14'
    version: 1.0.3
    dev: true

  registry.npmmirror.com/@tsconfig/node16/1.0.3:
    resolution: {integrity: sha512-yOlFc+7UtL/89t2ZhjPvvB/DeAr3r+Dq58IgzsFkOAvVC6NMJXmCGjbptdXdR9qsX7pKcTL+s87FtYREi2dEEQ==, registry: https://registry.npm.taobao.org/, tarball: https://registry.npmmirror.com/@tsconfig/node16/-/node16-1.0.3.tgz}
    name: '@tsconfig/node16'
    version: 1.0.3
    dev: true

  registry.npmmirror.com/@types/node/18.11.17:
    resolution: {integrity: sha512-HJSUJmni4BeDHhfzn6nF0sVmd1SMezP7/4F0Lq+aXzmp2xm9O7WXrUtHW/CHlYVtZUbByEvWidHqRtcJXGF2Ng==, registry: https://registry.npm.taobao.org/, tarball: https://registry.npmmirror.com/@types/node/-/node-18.11.17.tgz}
    name: '@types/node'
    version: 18.11.17
    dev: true

  registry.npmmirror.com/@vue/compiler-core/3.2.45:
    resolution: {integrity: sha512-rcMj7H+PYe5wBV3iYeUgbCglC+pbpN8hBLTJvRiK2eKQiWqu+fG9F+8sW99JdL4LQi7Re178UOxn09puSXvn4A==, registry: https://registry.npm.taobao.org/, tarball: https://registry.npmmirror.com/@vue/compiler-core/-/compiler-core-3.2.45.tgz}
    name: '@vue/compiler-core'
    version: 3.2.45
    dependencies:
      '@babel/parser': registry.npmmirror.com/@babel/parser/7.20.7
      '@vue/shared': registry.npmmirror.com/@vue/shared/3.2.45
      estree-walker: registry.npmmirror.com/estree-walker/2.0.2
      source-map: registry.npmmirror.com/source-map/0.6.1
    dev: true

  registry.npmmirror.com/@vue/compiler-dom/3.2.45:
    resolution: {integrity: sha512-tyYeUEuKqqZO137WrZkpwfPCdiiIeXYCcJ8L4gWz9vqaxzIQRccTSwSWZ/Axx5YR2z+LvpUbmPNXxuBU45lyRw==, registry: https://registry.npm.taobao.org/, tarball: https://registry.npmmirror.com/@vue/compiler-dom/-/compiler-dom-3.2.45.tgz}
    name: '@vue/compiler-dom'
    version: 3.2.45
    dependencies:
      '@vue/compiler-core': registry.npmmirror.com/@vue/compiler-core/3.2.45
      '@vue/shared': registry.npmmirror.com/@vue/shared/3.2.45
    dev: true

  registry.npmmirror.com/@vue/compiler-sfc/3.2.45:
    resolution: {integrity: sha512-1jXDuWah1ggsnSAOGsec8cFjT/K6TMZ0sPL3o3d84Ft2AYZi2jWJgRMjw4iaK0rBfA89L5gw427H4n1RZQBu6Q==, registry: https://registry.npm.taobao.org/, tarball: https://registry.npmmirror.com/@vue/compiler-sfc/-/compiler-sfc-3.2.45.tgz}
    name: '@vue/compiler-sfc'
    version: 3.2.45
    dependencies:
      '@babel/parser': registry.npmmirror.com/@babel/parser/7.20.7
      '@vue/compiler-core': registry.npmmirror.com/@vue/compiler-core/3.2.45
      '@vue/compiler-dom': registry.npmmirror.com/@vue/compiler-dom/3.2.45
      '@vue/compiler-ssr': registry.npmmirror.com/@vue/compiler-ssr/3.2.45
      '@vue/reactivity-transform': registry.npmmirror.com/@vue/reactivity-transform/3.2.45
      '@vue/shared': registry.npmmirror.com/@vue/shared/3.2.45
      estree-walker: registry.npmmirror.com/estree-walker/2.0.2
      magic-string: registry.npmmirror.com/magic-string/0.25.9
      postcss: registry.npmmirror.com/postcss/8.4.21
      source-map: registry.npmmirror.com/source-map/0.6.1
    dev: true

  registry.npmmirror.com/@vue/compiler-ssr/3.2.45:
    resolution: {integrity: sha512-6BRaggEGqhWht3lt24CrIbQSRD5O07MTmd+LjAn5fJj568+R9eUD2F7wMQJjX859seSlrYog7sUtrZSd7feqrQ==, registry: https://registry.npm.taobao.org/, tarball: https://registry.npmmirror.com/@vue/compiler-ssr/-/compiler-ssr-3.2.45.tgz}
    name: '@vue/compiler-ssr'
    version: 3.2.45
    dependencies:
      '@vue/compiler-dom': registry.npmmirror.com/@vue/compiler-dom/3.2.45
      '@vue/shared': registry.npmmirror.com/@vue/shared/3.2.45
    dev: true

  registry.npmmirror.com/@vue/reactivity-transform/3.2.45:
    resolution: {integrity: sha512-BHVmzYAvM7vcU5WmuYqXpwaBHjsS8T63jlKGWVtHxAHIoMIlmaMyurUSEs1Zcg46M4AYT5MtB1U274/2aNzjJQ==, registry: https://registry.npm.taobao.org/, tarball: https://registry.npmmirror.com/@vue/reactivity-transform/-/reactivity-transform-3.2.45.tgz}
    name: '@vue/reactivity-transform'
    version: 3.2.45
    dependencies:
      '@babel/parser': registry.npmmirror.com/@babel/parser/7.20.7
      '@vue/compiler-core': registry.npmmirror.com/@vue/compiler-core/3.2.45
      '@vue/shared': registry.npmmirror.com/@vue/shared/3.2.45
      estree-walker: registry.npmmirror.com/estree-walker/2.0.2
      magic-string: registry.npmmirror.com/magic-string/0.25.9
    dev: true

  registry.npmmirror.com/@vue/reactivity/3.2.45:
    resolution: {integrity: sha512-PRvhCcQcyEVohW0P8iQ7HDcIOXRjZfAsOds3N99X/Dzewy8TVhTCT4uXpAHfoKjVTJRA0O0K+6QNkDIZAxNi3A==, registry: https://registry.npm.taobao.org/, tarball: https://registry.npmmirror.com/@vue/reactivity/-/reactivity-3.2.45.tgz}
    name: '@vue/reactivity'
    version: 3.2.45
    dependencies:
      '@vue/shared': registry.npmmirror.com/@vue/shared/3.2.45
    dev: true

  registry.npmmirror.com/@vue/runtime-core/3.2.45:
    resolution: {integrity: sha512-gzJiTA3f74cgARptqzYswmoQx0fIA+gGYBfokYVhF8YSXjWTUA2SngRzZRku2HbGbjzB6LBYSbKGIaK8IW+s0A==, registry: https://registry.npm.taobao.org/, tarball: https://registry.npmmirror.com/@vue/runtime-core/-/runtime-core-3.2.45.tgz}
    name: '@vue/runtime-core'
    version: 3.2.45
    dependencies:
      '@vue/reactivity': registry.npmmirror.com/@vue/reactivity/3.2.45
      '@vue/shared': registry.npmmirror.com/@vue/shared/3.2.45
    dev: true

  registry.npmmirror.com/@vue/runtime-dom/3.2.45:
    resolution: {integrity: sha512-cy88YpfP5Ue2bDBbj75Cb4bIEZUMM/mAkDMfqDTpUYVgTf/kuQ2VQ8LebuZ8k6EudgH8pYhsGWHlY0lcxlvTwA==, registry: https://registry.npm.taobao.org/, tarball: https://registry.npmmirror.com/@vue/runtime-dom/-/runtime-dom-3.2.45.tgz}
    name: '@vue/runtime-dom'
    version: 3.2.45
    dependencies:
      '@vue/runtime-core': registry.npmmirror.com/@vue/runtime-core/3.2.45
      '@vue/shared': registry.npmmirror.com/@vue/shared/3.2.45
      csstype: registry.npmmirror.com/csstype/2.6.21
    dev: true

  registry.npmmirror.com/@vue/server-renderer/3.2.45_vue@3.2.45:
    resolution: {integrity: sha512-ebiMq7q24WBU1D6uhPK//2OTR1iRIyxjF5iVq/1a5I1SDMDyDu4Ts6fJaMnjrvD3MqnaiFkKQj+LKAgz5WIK3g==, registry: https://registry.npm.taobao.org/, tarball: https://registry.npmmirror.com/@vue/server-renderer/-/server-renderer-3.2.45.tgz}
    id: registry.npmmirror.com/@vue/server-renderer/3.2.45
    name: '@vue/server-renderer'
    version: 3.2.45
    peerDependencies:
      vue: 3.2.45
    dependencies:
      '@vue/compiler-ssr': registry.npmmirror.com/@vue/compiler-ssr/3.2.45
      '@vue/shared': registry.npmmirror.com/@vue/shared/3.2.45
      vue: registry.npmmirror.com/vue/3.2.45
    dev: true

  registry.npmmirror.com/@vue/shared/3.2.45:
    resolution: {integrity: sha512-Ewzq5Yhimg7pSztDV+RH1UDKBzmtqieXQlpTVm2AwraoRL/Rks96mvd8Vgi7Lj+h+TH8dv7mXD3FRZR3TUvbSg==, registry: https://registry.npm.taobao.org/, tarball: https://registry.npmmirror.com/@vue/shared/-/shared-3.2.45.tgz}
    name: '@vue/shared'
    version: 3.2.45
    dev: true

  registry.npmmirror.com/acorn-walk/8.2.0:
    resolution: {integrity: sha512-k+iyHEuPgSw6SbuDpGQM+06HQUa04DZ3o+F6CSzXMvvI5KMvnaEqXe+YVe555R9nn6GPt404fos4wcgpw12SDA==, registry: https://registry.npm.taobao.org/, tarball: https://registry.npmmirror.com/acorn-walk/-/acorn-walk-8.2.0.tgz}
    name: acorn-walk
    version: 8.2.0
    engines: {node: '>=0.4.0'}
    dev: true

  registry.npmmirror.com/acorn/8.8.1:
    resolution: {integrity: sha512-7zFpHzhnqYKrkYdUjF1HI1bzd0VygEGX8lFk4k5zVMqHEoES+P+7TKI+EvLO9WVMJ8eekdO0aDEK044xTXwPPA==, registry: https://registry.npm.taobao.org/, tarball: https://registry.npmmirror.com/acorn/-/acorn-8.8.1.tgz}
    name: acorn
    version: 8.8.1
    engines: {node: '>=0.4.0'}
    hasBin: true
    dev: true

  registry.npmmirror.com/arg/4.1.3:
    resolution: {integrity: sha512-58S9QDqG0Xx27YwPSt9fJxivjYl432YCwfDMfZ+71RAqUrZef7LrKQZ3LHLOwCS4FLNBplP533Zx895SeOCHvA==, registry: https://registry.npm.taobao.org/, tarball: https://registry.npmmirror.com/arg/-/arg-4.1.3.tgz}
    name: arg
    version: 4.1.3
    dev: true

  registry.npmmirror.com/asynckit/0.4.0:
    resolution: {integrity: sha512-Oei9OH4tRh0YqU3GxhX79dM/mwVgvbZJaSNaRk+bshkj0S5cfHcgYakreBjrHwatXKbz+IoIdYLxrKim2MjW0Q==, registry: https://registry.npm.taobao.org/, tarball: https://registry.npmmirror.com/asynckit/-/asynckit-0.4.0.tgz}
    name: asynckit
    version: 0.4.0
    dev: false

  registry.npmmirror.com/axios/1.2.2:
    resolution: {integrity: sha512-bz/J4gS2S3I7mpN/YZfGFTqhXTYzRho8Ay38w2otuuDR322KzFIWm/4W2K6gIwvWaws5n+mnb7D1lN9uD+QH6Q==, registry: https://registry.npm.taobao.org/, tarball: https://registry.npmmirror.com/axios/-/axios-1.2.2.tgz}
    name: axios
    version: 1.2.2
    dependencies:
      follow-redirects: registry.npmmirror.com/follow-redirects/1.15.2
      form-data: registry.npmmirror.com/form-data/4.0.0
      proxy-from-env: registry.npmmirror.com/proxy-from-env/1.1.0
    transitivePeerDependencies:
      - debug
    dev: false

  registry.npmmirror.com/combined-stream/1.0.8:
    resolution: {integrity: sha512-FQN4MRfuJeHf7cBbBMJFXhKSDq+2kAArBlmRBvcvFE5BB1HZKXtSFASDhdlz9zOYwxh8lDdnvmMOe/+5cdoEdg==, registry: https://registry.npm.taobao.org/, tarball: https://registry.npmmirror.com/combined-stream/-/combined-stream-1.0.8.tgz}
    name: combined-stream
    version: 1.0.8
    engines: {node: '>= 0.8'}
    dependencies:
      delayed-stream: registry.npmmirror.com/delayed-stream/1.0.0
    dev: false

  registry.npmmirror.com/create-require/1.1.1:
    resolution: {integrity: sha512-dcKFX3jn0MpIaXjisoRvexIJVEKzaq7z2rZKxf+MSr9TkdmHmsU4m2lcLojrj/FHl8mk5VxMmYA+ftRkP/3oKQ==, registry: https://registry.npm.taobao.org/, tarball: https://registry.npmmirror.com/create-require/-/create-require-1.1.1.tgz}
    name: create-require
    version: 1.1.1
    dev: true

  registry.npmmirror.com/csscolorparser/1.0.3:
    resolution: {integrity: sha512-umPSgYwZkdFoUrH5hIq5kf0wPSXiro51nPw0j2K/c83KflkPSTBGMz6NJvMB+07VlL0y7VPo6QJcDjcgKTTm3w==, registry: https://registry.npm.taobao.org/, tarball: https://registry.npmmirror.com/csscolorparser/-/csscolorparser-1.0.3.tgz}
    name: csscolorparser
    version: 1.0.3
    dev: false

  registry.npmmirror.com/csstype/2.6.21:
    resolution: {integrity: sha512-Z1PhmomIfypOpoMjRQB70jfvy/wxT50qW08YXO5lMIJkrdq4yOTR+AW7FqutScmB9NkLwxo+jU+kZLbofZZq/w==, registry: https://registry.npm.taobao.org/, tarball: https://registry.npmmirror.com/csstype/-/csstype-2.6.21.tgz}
    name: csstype
    version: 2.6.21
    dev: true

  registry.npmmirror.com/delayed-stream/1.0.0:
    resolution: {integrity: sha512-ZySD7Nf91aLB0RxL4KGrKHBXl7Eds1DAmEdcoVawXnLD7SDhpNgtuII2aAkg7a7QS41jxPSZ17p4VdGnMHk3MQ==, registry: https://registry.npm.taobao.org/, tarball: https://registry.npmmirror.com/delayed-stream/-/delayed-stream-1.0.0.tgz}
    name: delayed-stream
    version: 1.0.0
    engines: {node: '>=0.4.0'}
    dev: false

  registry.npmmirror.com/diff/4.0.2:
    resolution: {integrity: sha512-58lmxKSA4BNyLz+HHMUzlOEpg09FV+ev6ZMe3vJihgdxzgcwZ8VoEEPmALCZG9LmqfVoNMMKpttIYTVG6uDY7A==, registry: https://registry.npm.taobao.org/, tarball: https://registry.npmmirror.com/diff/-/diff-4.0.2.tgz}
    name: diff
    version: 4.0.2
    engines: {node: '>=0.3.1'}
    dev: true

  registry.npmmirror.com/earcut/2.2.4:
    resolution: {integrity: sha512-/pjZsA1b4RPHbeWZQn66SWS8nZZWLQQ23oE3Eam7aroEFGEvwKAsJfZ9ytiEMycfzXWpca4FA9QIOehf7PocBQ==, registry: https://registry.npm.taobao.org/, tarball: https://registry.npmmirror.com/earcut/-/earcut-2.2.4.tgz}
    name: earcut
    version: 2.2.4
    dev: false

  registry.npmmirror.com/estree-walker/2.0.2:
    resolution: {integrity: sha512-Rfkk/Mp/DL7JVje3u18FxFujQlTNR2q6QfMSMB7AvCBx91NGj/ba3kCfza0f6dVDbw7YlRf/nDrn7pQrCCyQ/w==, registry: https://registry.npm.taobao.org/, tarball: https://registry.npmmirror.com/estree-walker/-/estree-walker-2.0.2.tgz}
    name: estree-walker
    version: 2.0.2
    dev: true

  registry.npmmirror.com/follow-redirects/1.15.2:
    resolution: {integrity: sha512-VQLG33o04KaQ8uYi2tVNbdrWp1QWxNNea+nmIB4EVM28v0hmP17z7aG1+wAkNzVq4KeXTq3221ye5qTJP91JwA==, registry: https://registry.npm.taobao.org/, tarball: https://registry.npmmirror.com/follow-redirects/-/follow-redirects-1.15.2.tgz}
    name: follow-redirects
    version: 1.15.2
    engines: {node: '>=4.0'}
    peerDependencies:
      debug: '*'
    peerDependenciesMeta:
      debug:
        optional: true
    dev: false

  registry.npmmirror.com/form-data/4.0.0:
    resolution: {integrity: sha512-ETEklSGi5t0QMZuiXoA/Q6vcnxcLQP5vdugSpuAyi6SVGi2clPPp+xgEhuMaHC+zGgn31Kd235W35f7Hykkaww==, registry: https://registry.npm.taobao.org/, tarball: https://registry.npmmirror.com/form-data/-/form-data-4.0.0.tgz}
    name: form-data
    version: 4.0.0
    engines: {node: '>= 6'}
    dependencies:
      asynckit: registry.npmmirror.com/asynckit/0.4.0
      combined-stream: registry.npmmirror.com/combined-stream/1.0.8
      mime-types: registry.npmmirror.com/mime-types/2.1.35
    dev: false

  registry.npmmirror.com/geotiff/2.0.7:
    resolution: {integrity: sha512-FKvFTNowMU5K6lHYY2f83d4lS2rsCNdpUC28AX61x9ZzzqPNaWFElWv93xj0eJFaNyOYA63ic5OzJ88dHpoA5Q==, registry: https://registry.npm.taobao.org/, tarball: https://registry.npmmirror.com/geotiff/-/geotiff-2.0.7.tgz}
    name: geotiff
    version: 2.0.7
    engines: {node: '>=10.19'}
    dependencies:
      '@petamoriken/float16': registry.npmmirror.com/@petamoriken/float16/3.7.1
      lerc: registry.npmmirror.com/lerc/3.0.0
      pako: registry.npmmirror.com/pako/2.1.0
      parse-headers: registry.npmmirror.com/parse-headers/2.0.5
      quick-lru: registry.npmmirror.com/quick-lru/6.1.1
      web-worker: registry.npmmirror.com/web-worker/1.2.0
      xml-utils: registry.npmmirror.com/xml-utils/1.3.0
    dev: false

  registry.npmmirror.com/husky/8.0.3:
    resolution: {integrity: sha512-+dQSyqPh4x1hlO1swXBiNb2HzTDN1I2IGLQx1GrBuiqFJfoMrnZWwVmatvSiO+Iz8fBUnf+lekwNo4c2LlXItg==, registry: https://registry.npm.taobao.org/, tarball: https://registry.npmmirror.com/husky/-/husky-8.0.3.tgz}
    name: husky
    version: 8.0.3
    engines: {node: '>=14'}
    hasBin: true
    dev: true

  registry.npmmirror.com/ieee754/1.2.1:
    resolution: {integrity: sha512-dcyqhDvX1C46lXZcVqCpK+FtMRQVdIMN6/Df5js2zouUsqG7I6sFxitIC+7KYK29KdXOLHdu9zL4sFnoVQnqaA==, registry: https://registry.npm.taobao.org/, tarball: https://registry.npmmirror.com/ieee754/-/ieee754-1.2.1.tgz}
    name: ieee754
    version: 1.2.1
    dev: false

  registry.npmmirror.com/json-stringify-pretty-compact/2.0.0:
    resolution: {integrity: sha512-WRitRfs6BGq4q8gTgOy4ek7iPFXjbra0H3PmDLKm2xnZ+Gh1HUhiKGgCZkSPNULlP7mvfu6FV/mOLhCarspADQ==, registry: https://registry.npm.taobao.org/, tarball: https://registry.npmmirror.com/json-stringify-pretty-compact/-/json-stringify-pretty-compact-2.0.0.tgz}
    name: json-stringify-pretty-compact
    version: 2.0.0
    dev: false

  registry.npmmirror.com/lerc/3.0.0:
    resolution: {integrity: sha512-Rm4J/WaHhRa93nCN2mwWDZFoRVF18G1f47C+kvQWyHGEZxFpTUi73p7lMVSAndyxGt6lJ2/CFbOcf9ra5p8aww==, registry: https://registry.npm.taobao.org/, tarball: https://registry.npmmirror.com/lerc/-/lerc-3.0.0.tgz}
    name: lerc
    version: 3.0.0
    dev: false

  registry.npmmirror.com/magic-string/0.25.9:
    resolution: {integrity: sha512-RmF0AsMzgt25qzqqLc1+MbHmhdx0ojF2Fvs4XnOqz2ZOBXzzkEwc/dJQZCYHAn7v1jbVOjAZfK8msRn4BxO4VQ==, registry: https://registry.npm.taobao.org/, tarball: https://registry.npmmirror.com/magic-string/-/magic-string-0.25.9.tgz}
    name: magic-string
    version: 0.25.9
    dependencies:
      sourcemap-codec: registry.npmmirror.com/sourcemap-codec/1.4.8
    dev: true

  registry.npmmirror.com/make-error/1.3.6:
    resolution: {integrity: sha512-s8UhlNe7vPKomQhC1qFelMokr/Sc3AgNbso3n74mVPA5LTZwkB9NlXf4XPamLxJE8h0gh73rM94xvwRT2CVInw==, registry: https://registry.npm.taobao.org/, tarball: https://registry.npmmirror.com/make-error/-/make-error-1.3.6.tgz}
    name: make-error
    version: 1.3.6
    dev: true

  registry.npmmirror.com/mapbox-to-css-font/2.4.1:
    resolution: {integrity: sha512-QQ/iKiM43DM9+aujTL45Iz5o7gDeSFmy4LPl3HZmNcwCE++NxGazf+yFpY+wCb+YS23sDa1ghpo3zrNFOcHlow==, registry: https://registry.npm.taobao.org/, tarball: https://registry.npmmirror.com/mapbox-to-css-font/-/mapbox-to-css-font-2.4.1.tgz}
    name: mapbox-to-css-font
    version: 2.4.1
    dev: false

  registry.npmmirror.com/mime-db/1.52.0:
    resolution: {integrity: sha512-sPU4uV7dYlvtWJxwwxHD0PuihVNiE7TyAbQ5SWxDCB9mUYvOgroQOwYQQOKPJ8CIbE+1ETVlOoK1UC2nU3gYvg==, registry: https://registry.npm.taobao.org/, tarball: https://registry.npmmirror.com/mime-db/-/mime-db-1.52.0.tgz}
    name: mime-db
    version: 1.52.0
    engines: {node: '>= 0.6'}
    dev: false

  registry.npmmirror.com/mime-types/2.1.35:
    resolution: {integrity: sha512-ZDY+bPm5zTTF+YpCrAU9nK0UgICYPT0QtT1NZWFv4s++TNkcgVaT0g6+4R2uI4MjQjzysHB1zxuWL50hzaeXiw==, registry: https://registry.npm.taobao.org/, tarball: https://registry.npmmirror.com/mime-types/-/mime-types-2.1.35.tgz}
    name: mime-types
    version: 2.1.35
    engines: {node: '>= 0.6'}
    dependencies:
      mime-db: registry.npmmirror.com/mime-db/1.52.0
    dev: false

  registry.npmmirror.com/minimist/1.2.7:
    resolution: {integrity: sha512-bzfL1YUZsP41gmu/qjrEk0Q6i2ix/cVeAhbCbqH9u3zYutS1cLg00qhrD0M2MVdCcx4Sc0UpP2eBWo9rotpq6g==, registry: https://registry.npm.taobao.org/, tarball: https://registry.npmmirror.com/minimist/-/minimist-1.2.7.tgz}
    name: minimist
    version: 1.2.7
    dev: false

  registry.npmmirror.com/nanoid/3.3.4:
    resolution: {integrity: sha512-MqBkQh/OHTS2egovRtLk45wEyNXwF+cokD+1YPf9u5VfJiRdAiRwB2froX5Co9Rh20xs4siNPm8naNotSD6RBw==, registry: https://registry.npm.taobao.org/, tarball: https://registry.npmmirror.com/nanoid/-/nanoid-3.3.4.tgz}
    name: nanoid
    version: 3.3.4
    engines: {node: ^10 || ^12 || ^13.7 || ^14 || >=15.0.1}
    hasBin: true
    dev: true

  registry.npmmirror.com/ol-mapbox-style/9.4.0:
    resolution: {integrity: sha512-I9dK1K41P8DjozFeQ4x1pfou86q/WedRzjCMpNhtHW9APJ/l3UT6aGsp2HcbG7cLfx3EpzK4Q7HxKwcQYR5Chw==, registry: https://registry.npm.taobao.org/, tarball: https://registry.npmmirror.com/ol-mapbox-style/-/ol-mapbox-style-9.4.0.tgz}
    name: ol-mapbox-style
    version: 9.4.0
    dependencies:
      '@mapbox/mapbox-gl-style-spec': registry.npmmirror.com/@mapbox/mapbox-gl-style-spec/13.28.0
      mapbox-to-css-font: registry.npmmirror.com/mapbox-to-css-font/2.4.1
    dev: false

  registry.npmmirror.com/ol/7.2.2:
    resolution: {integrity: sha512-eqJ1hhVQQ3Ap4OhYq9DRu5pz9RMpLhmoTauDoIqpn7logVi1AJE+lXjEHrPrTSuZYjtFbMgqr07sxoLNR65nrw==, registry: https://registry.npm.taobao.org/, tarball: https://registry.npmmirror.com/ol/-/ol-7.2.2.tgz}
    name: ol
    version: 7.2.2
    dependencies:
      earcut: registry.npmmirror.com/earcut/2.2.4
      geotiff: registry.npmmirror.com/geotiff/2.0.7
      ol-mapbox-style: registry.npmmirror.com/ol-mapbox-style/9.4.0
      pbf: registry.npmmirror.com/pbf/3.2.1
      rbush: registry.npmmirror.com/rbush/3.0.1
    dev: false

  registry.npmmirror.com/pako/2.1.0:
    resolution: {integrity: sha512-w+eufiZ1WuJYgPXbV/PO3NCMEc3xqylkKHzp8bxp1uW4qaSNQUkwmLLEc3kKsfz8lpV1F8Ht3U1Cm+9Srog2ug==, registry: https://registry.npm.taobao.org/, tarball: https://registry.npmmirror.com/pako/-/pako-2.1.0.tgz}
    name: pako
    version: 2.1.0
    dev: false

  registry.npmmirror.com/parse-headers/2.0.5:
    resolution: {integrity: sha512-ft3iAoLOB/MlwbNXgzy43SWGP6sQki2jQvAyBg/zDFAgr9bfNWZIUj42Kw2eJIl8kEi4PbgE6U1Zau/HwI75HA==, registry: https://registry.npm.taobao.org/, tarball: https://registry.npmmirror.com/parse-headers/-/parse-headers-2.0.5.tgz}
    name: parse-headers
    version: 2.0.5
    dev: false

  registry.npmmirror.com/pbf/3.2.1:
    resolution: {integrity: sha512-ClrV7pNOn7rtmoQVF4TS1vyU0WhYRnP92fzbfF75jAIwpnzdJXf8iTd4CMEqO4yUenH6NDqLiwjqlh6QgZzgLQ==, registry: https://registry.npm.taobao.org/, tarball: https://registry.npmmirror.com/pbf/-/pbf-3.2.1.tgz}
    name: pbf
    version: 3.2.1
    hasBin: true
    dependencies:
      ieee754: registry.npmmirror.com/ieee754/1.2.1
      resolve-protobuf-schema: registry.npmmirror.com/resolve-protobuf-schema/2.1.0
    dev: false

  registry.npmmirror.com/picocolors/1.0.0:
    resolution: {integrity: sha512-1fygroTLlHu66zi26VoTDv8yRgm0Fccecssto+MhsZ0D/DGW2sm8E8AjW7NU5VVTRt5GxbeZ5qBuJr+HyLYkjQ==, registry: https://registry.npm.taobao.org/, tarball: https://registry.npmmirror.com/picocolors/-/picocolors-1.0.0.tgz}
    name: picocolors
    version: 1.0.0
    dev: true

  registry.npmmirror.com/postcss/8.4.21:
    resolution: {integrity: sha512-tP7u/Sn/dVxK2NnruI4H9BG+x+Wxz6oeZ1cJ8P6G/PZY0IKk4k/63TDsQf2kQq3+qoJeLm2kIBUNlZe3zgb4Zg==, registry: https://registry.npm.taobao.org/, tarball: https://registry.npmmirror.com/postcss/-/postcss-8.4.21.tgz}
    name: postcss
    version: 8.4.21
    engines: {node: ^10 || ^12 || >=14}
    dependencies:
      nanoid: registry.npmmirror.com/nanoid/3.3.4
      picocolors: registry.npmmirror.com/picocolors/1.0.0
      source-map-js: registry.npmmirror.com/source-map-js/1.0.2
    dev: true

  registry.npmmirror.com/protocol-buffers-schema/3.6.0:
    resolution: {integrity: sha512-TdDRD+/QNdrCGCE7v8340QyuXd4kIWIgapsE2+n/SaGiSSbomYl4TjHlvIoCWRpE7wFt02EpB35VVA2ImcBVqw==, registry: https://registry.npm.taobao.org/, tarball: https://registry.npmmirror.com/protocol-buffers-schema/-/protocol-buffers-schema-3.6.0.tgz}
    name: protocol-buffers-schema
    version: 3.6.0
    dev: false

  registry.npmmirror.com/proxy-from-env/1.1.0:
    resolution: {integrity: sha512-D+zkORCbA9f1tdWRK0RaCR3GPv50cMxcrz4X8k5LTSUD1Dkw47mKJEZQNunItRTkWwgtaUSo1RVFRIG9ZXiFYg==, registry: https://registry.npm.taobao.org/, tarball: https://registry.npmmirror.com/proxy-from-env/-/proxy-from-env-1.1.0.tgz}
    name: proxy-from-env
    version: 1.1.0
    dev: false

  registry.npmmirror.com/quick-lru/6.1.1:
    resolution: {integrity: sha512-S27GBT+F0NTRiehtbrgaSE1idUAJ5bX8dPAQTdylEyNlrdcH5X4Lz7Edz3DYzecbsCluD5zO8ZNEe04z3D3u6Q==, registry: https://registry.npm.taobao.org/, tarball: https://registry.npmmirror.com/quick-lru/-/quick-lru-6.1.1.tgz}
    name: quick-lru
    version: 6.1.1
    engines: {node: '>=12'}
    dev: false

  registry.npmmirror.com/quickselect/2.0.0:
    resolution: {integrity: sha512-RKJ22hX8mHe3Y6wH/N3wCM6BWtjaxIyyUIkpHOvfFnxdI4yD4tBXEBKSbriGujF6jnSVkJrffuo6vxACiSSxIw==, registry: https://registry.npm.taobao.org/, tarball: https://registry.npmmirror.com/quickselect/-/quickselect-2.0.0.tgz}
    name: quickselect
    version: 2.0.0
    dev: false

  registry.npmmirror.com/rbush/3.0.1:
    resolution: {integrity: sha512-XRaVO0YecOpEuIvbhbpTrZgoiI6xBlz6hnlr6EHhd+0x9ase6EmeN+hdwwUaJvLcsFFQ8iWVF1GAK1yB0BWi0w==, registry: https://registry.npm.taobao.org/, tarball: https://registry.npmmirror.com/rbush/-/rbush-3.0.1.tgz}
    name: rbush
    version: 3.0.1
    dependencies:
      quickselect: registry.npmmirror.com/quickselect/2.0.0
    dev: false

  registry.npmmirror.com/resolve-protobuf-schema/2.1.0:
    resolution: {integrity: sha512-kI5ffTiZWmJaS/huM8wZfEMer1eRd7oJQhDuxeCLe3t7N7mX3z94CN0xPxBQxFYQTSNz9T0i+v6inKqSdK8xrQ==, registry: https://registry.npm.taobao.org/, tarball: https://registry.npmmirror.com/resolve-protobuf-schema/-/resolve-protobuf-schema-2.1.0.tgz}
    name: resolve-protobuf-schema
    version: 2.1.0
    dependencies:
      protocol-buffers-schema: registry.npmmirror.com/protocol-buffers-schema/3.6.0
    dev: false

  registry.npmmirror.com/rw/1.3.3:
    resolution: {integrity: sha512-PdhdWy89SiZogBLaw42zdeqtRJ//zFd2PgQavcICDUgJT5oW10QCRKbJ6bg4r0/UY2M6BWd5tkxuGFRvCkgfHQ==, registry: https://registry.npm.taobao.org/, tarball: https://registry.npmmirror.com/rw/-/rw-1.3.3.tgz}
    name: rw
    version: 1.3.3
    dev: false

  registry.npmmirror.com/sort-asc/0.1.0:
    resolution: {integrity: sha512-jBgdDd+rQ+HkZF2/OHCmace5dvpos/aWQpcxuyRs9QUbPRnkEJmYVo81PIGpjIdpOcsnJ4rGjStfDHsbn+UVyw==, registry: https://registry.npm.taobao.org/, tarball: https://registry.npmmirror.com/sort-asc/-/sort-asc-0.1.0.tgz}
    name: sort-asc
    version: 0.1.0
    engines: {node: '>=0.10.0'}
    dev: false

  registry.npmmirror.com/sort-desc/0.1.1:
    resolution: {integrity: sha512-jfZacW5SKOP97BF5rX5kQfJmRVZP5/adDUTY8fCSPvNcXDVpUEe2pr/iKGlcyZzchRJZrswnp68fgk3qBXgkJw==, registry: https://registry.npm.taobao.org/, tarball: https://registry.npmmirror.com/sort-desc/-/sort-desc-0.1.1.tgz}
    name: sort-desc
    version: 0.1.1
    engines: {node: '>=0.10.0'}
    dev: false

  registry.npmmirror.com/sort-object/0.3.2:
    resolution: {integrity: sha512-aAQiEdqFTTdsvUFxXm3umdo04J7MRljoVGbBlkH7BgNsMvVNAJyGj7C/wV1A8wHWAJj/YikeZbfuCKqhggNWGA==, registry: https://registry.npm.taobao.org/, tarball: https://registry.npmmirror.com/sort-object/-/sort-object-0.3.2.tgz}
    name: sort-object
    version: 0.3.2
    engines: {node: '>=0.10.0'}
    dependencies:
      sort-asc: registry.npmmirror.com/sort-asc/0.1.0
      sort-desc: registry.npmmirror.com/sort-desc/0.1.1
    dev: false

  registry.npmmirror.com/source-map-js/1.0.2:
    resolution: {integrity: sha512-R0XvVJ9WusLiqTCEiGCmICCMplcCkIwwR11mOSD9CR5u+IXYdiseeEuXCVAjS54zqwkLcPNnmU4OeJ6tUrWhDw==, registry: https://registry.npm.taobao.org/, tarball: https://registry.npmmirror.com/source-map-js/-/source-map-js-1.0.2.tgz}
    name: source-map-js
    version: 1.0.2
    engines: {node: '>=0.10.0'}
    dev: true

  registry.npmmirror.com/source-map/0.6.1:
    resolution: {integrity: sha512-UjgapumWlbMhkBgzT7Ykc5YXUT46F0iKu8SGXq0bcwP5dz/h0Plj6enJqjz1Zbq2l5WaqYnrVbwWOWMyF3F47g==, registry: https://registry.npm.taobao.org/, tarball: https://registry.npmmirror.com/source-map/-/source-map-0.6.1.tgz}
    name: source-map
    version: 0.6.1
    engines: {node: '>=0.10.0'}
    dev: true

  registry.npmmirror.com/sourcemap-codec/1.4.8:
    resolution: {integrity: sha512-9NykojV5Uih4lgo5So5dtw+f0JgJX30KCNI8gwhz2J9A15wD0Ml6tjHKwf6fTSa6fAdVBdZeNOs9eJ71qCk8vA==, registry: https://registry.npm.taobao.org/, tarball: https://registry.npmmirror.com/sourcemap-codec/-/sourcemap-codec-1.4.8.tgz}
    name: sourcemap-codec
    version: 1.4.8
    deprecated: Please use @jridgewell/sourcemap-codec instead
    dev: true

  registry.npmmirror.com/to-fast-properties/2.0.0:
    resolution: {integrity: sha512-/OaKK0xYrs3DmxRYqL/yDc+FxFUVYhDlXMhRmv3z915w2HF1tnN1omB354j8VUGO/hbRzyD6Y3sA7v7GS/ceog==, registry: https://registry.npm.taobao.org/, tarball: https://registry.npmmirror.com/to-fast-properties/-/to-fast-properties-2.0.0.tgz}
    name: to-fast-properties
    version: 2.0.0
    engines: {node: '>=4'}
    dev: true

  registry.npmmirror.com/ts-node/10.9.1_moeqx3xmzxqxagf2sz6mqkbb7m:
    resolution: {integrity: sha512-NtVysVPkxxrwFGUUxGYhfux8k78pQB3JqYBXlLRZgdGUqTO5wU/UyHop5p70iEbGhB7q5KmiZiU0Y3KlJrScEw==, registry: https://registry.npm.taobao.org/, tarball: https://registry.npmmirror.com/ts-node/-/ts-node-10.9.1.tgz}
    id: registry.npmmirror.com/ts-node/10.9.1
    name: ts-node
    version: 10.9.1
    hasBin: true
    peerDependencies:
      '@swc/core': '>=1.2.50'
      '@swc/wasm': '>=1.2.50'
      '@types/node': '*'
      typescript: '>=2.7'
    peerDependenciesMeta:
      '@swc/core':
        optional: true
      '@swc/wasm':
        optional: true
    dependencies:
      '@cspotcode/source-map-support': registry.npmmirror.com/@cspotcode/source-map-support/0.8.1
      '@tsconfig/node10': registry.npmmirror.com/@tsconfig/node10/1.0.9
      '@tsconfig/node12': registry.npmmirror.com/@tsconfig/node12/1.0.11
      '@tsconfig/node14': registry.npmmirror.com/@tsconfig/node14/1.0.3
      '@tsconfig/node16': registry.npmmirror.com/@tsconfig/node16/1.0.3
      '@types/node': registry.npmmirror.com/@types/node/18.11.17
      acorn: registry.npmmirror.com/acorn/8.8.1
      acorn-walk: registry.npmmirror.com/acorn-walk/8.2.0
      arg: registry.npmmirror.com/arg/4.1.3
      create-require: registry.npmmirror.com/create-require/1.1.1
      diff: registry.npmmirror.com/diff/4.0.2
      make-error: registry.npmmirror.com/make-error/1.3.6
      typescript: registry.npmmirror.com/typescript/4.9.4
      v8-compile-cache-lib: registry.npmmirror.com/v8-compile-cache-lib/3.0.1
      yn: registry.npmmirror.com/yn/3.1.1
    dev: true

  registry.npmmirror.com/typescript/4.9.4:
    resolution: {integrity: sha512-Uz+dTXYzxXXbsFpM86Wh3dKCxrQqUcVMxwU54orwlJjOpO3ao8L7j5lH+dWfTwgCwIuM9GQ2kvVotzYJMXTBZg==, registry: https://registry.npm.taobao.org/, tarball: https://registry.npmmirror.com/typescript/-/typescript-4.9.4.tgz}
    name: typescript
    version: 4.9.4
    engines: {node: '>=4.2.0'}
    hasBin: true
    dev: true

  registry.npmmirror.com/v8-compile-cache-lib/3.0.1:
    resolution: {integrity: sha512-wa7YjyUGfNZngI/vtK0UHAN+lgDCxBPCylVXGp0zu59Fz5aiGtNXaq3DhIov063MorB+VfufLh3JlF2KdTK3xg==, registry: https://registry.npm.taobao.org/, tarball: https://registry.npmmirror.com/v8-compile-cache-lib/-/v8-compile-cache-lib-3.0.1.tgz}
    name: v8-compile-cache-lib
    version: 3.0.1
    dev: true

  registry.npmmirror.com/vue/3.2.45:
    resolution: {integrity: sha512-9Nx/Mg2b2xWlXykmCwiTUCWHbWIj53bnkizBxKai1g61f2Xit700A1ljowpTIM11e3uipOeiPcSqnmBg6gyiaA==, registry: https://registry.npm.taobao.org/, tarball: https://registry.npmmirror.com/vue/-/vue-3.2.45.tgz}
    name: vue
    version: 3.2.45
    dependencies:
      '@vue/compiler-dom': registry.npmmirror.com/@vue/compiler-dom/3.2.45
      '@vue/compiler-sfc': registry.npmmirror.com/@vue/compiler-sfc/3.2.45
      '@vue/runtime-dom': registry.npmmirror.com/@vue/runtime-dom/3.2.45
      '@vue/server-renderer': registry.npmmirror.com/@vue/server-renderer/3.2.45_vue@3.2.45
      '@vue/shared': registry.npmmirror.com/@vue/shared/3.2.45
    dev: true

  registry.npmmirror.com/web-worker/1.2.0:
    resolution: {integrity: sha512-PgF341avzqyx60neE9DD+XS26MMNMoUQRz9NOZwW32nPQrF6p77f1htcnjBSEV8BGMKZ16choqUG4hyI0Hx7mA==, registry: https://registry.npm.taobao.org/, tarball: https://registry.npmmirror.com/web-worker/-/web-worker-1.2.0.tgz}
    name: web-worker
    version: 1.2.0
    dev: false

  registry.npmmirror.com/xml-utils/1.3.0:
    resolution: {integrity: sha512-i4PIrX33Wd66dvwo4syicwlwmnr6wuvvn4f2ku9hA67C2Uk62Xubczuhct+Evnd12/DV71qKNeDdJwES8HX1RA==, registry: https://registry.npm.taobao.org/, tarball: https://registry.npmmirror.com/xml-utils/-/xml-utils-1.3.0.tgz}
    name: xml-utils
    version: 1.3.0
    dev: false

  registry.npmmirror.com/yn/3.1.1:
    resolution: {integrity: sha512-Ux4ygGWsu2c7isFWe8Yu1YluJmqVhxqK2cLXNQA5AcC3QfbGNpM7fu0Y8b/z16pXLnFxZYvWhd3fhBY9DLmC6Q==, registry: https://registry.npm.taobao.org/, tarball: https://registry.npmmirror.com/yn/-/yn-3.1.1.tgz}
    name: yn
    version: 3.1.1
    engines: {node: '>=6'}
    dev: true
